
Microsoft Visual Studio Solution File, Format Version 12.00
# Visual Studio 15
VisualStudioVersion = 15.0.27703.2047
MinimumVisualStudioVersion = 10.0.40219.1
Project("{8BC9CEB8-8B4A-11D0-8D11-00A0C91BC942}") = "2-Variables", "2-variables\2-variables.vcxproj", "{72FD5895-147B-4168-B4AF-3A30FA055975}"
EndProject
Project("{8BC9CEB8-8B4A-11D0-8D11-00A0C91BC942}") = "1-HelloAIE", "1-HelloAIE\1-HelloAIE.vcxproj", "{35129BDB-2810-4F01-82A4-61B40F4A3123}"
EndProject
Project("{8BC9CEB8-8B4A-11D0-8D11-00A0C91BC942}") = "TicTacToeAssesment", "TicTacToeAssesment\TicTacToeAssesment.vcxproj", "{C4D6D176-2F2C-4B9B-8A12-09F397BF96AC}"
EndProject
Project("{8BC9CEB8-8B4A-11D0-8D11-00A0C91BC942}") = "3-loops", "3-loops\3-loops.vcxproj", "{1379E173-D615-40AB-A424-D254F0420987}"
EndProject
Project("{8BC9CEB8-8B4A-11D0-8D11-00A0C91BC942}") = "3-conditionals", "3-conditionals\3-conditionals.vcxproj", "{557E61DA-1948-476A-BEC9-94406FFBB76C}"
EndProject
Global
	GlobalSection(SolutionConfigurationPlatforms) = preSolution
		Debug|x64 = Debug|x64
		Debug|x86 = Debug|x86
		Release|x64 = Release|x64
		Release|x86 = Release|x86
	EndGlobalSection
	GlobalSection(ProjectConfigurationPlatforms) = postSolution
		{72FD5895-147B-4168-B4AF-3A30FA055975}.Debug|x64.ActiveCfg = Debug|x64
		{72FD5895-147B-4168-B4AF-3A30FA055975}.Debug|x64.Build.0 = Debug|x64
		{72FD5895-147B-4168-B4AF-3A30FA055975}.Debug|x86.ActiveCfg = Debug|Win32
		{72FD5895-147B-4168-B4AF-3A30FA055975}.Debug|x86.Build.0 = Debug|Win32
		{72FD5895-147B-4168-B4AF-3A30FA055975}.Release|x64.ActiveCfg = Release|x64
		{72FD5895-147B-4168-B4AF-3A30FA055975}.Release|x64.Build.0 = Release|x64
		{72FD5895-147B-4168-B4AF-3A30FA055975}.Release|x86.ActiveCfg = Release|Win32
		{72FD5895-147B-4168-B4AF-3A30FA055975}.Release|x86.Build.0 = Release|Win32
		{35129BDB-2810-4F01-82A4-61B40F4A3123}.Debug|x64.ActiveCfg = Debug|x64
		{35129BDB-2810-4F01-82A4-61B40F4A3123}.Debug|x64.Build.0 = Debug|x64
		{35129BDB-2810-4F01-82A4-61B40F4A3123}.Debug|x86.ActiveCfg = Debug|Win32
		{35129BDB-2810-4F01-82A4-61B40F4A3123}.Debug|x86.Build.0 = Debug|Win32
		{35129BDB-2810-4F01-82A4-61B40F4A3123}.Release|x64.ActiveCfg = Release|x64
		{35129BDB-2810-4F01-82A4-61B40F4A3123}.Release|x64.Build.0 = Release|x64
		{35129BDB-2810-4F01-82A4-61B40F4A3123}.Release|x86.ActiveCfg = Release|Win32
		{35129BDB-2810-4F01-82A4-61B40F4A3123}.Release|x86.Build.0 = Release|Win32
		{C4D6D176-2F2C-4B9B-8A12-09F397BF96AC}.Debug|x64.ActiveCfg = Debug|x64
		{C4D6D176-2F2C-4B9B-8A12-09F397BF96AC}.Debug|x64.Build.0 = Debug|x64
		{C4D6D176-2F2C-4B9B-8A12-09F397BF96AC}.Debug|x86.ActiveCfg = Debug|Win32
		{C4D6D176-2F2C-4B9B-8A12-09F397BF96AC}.Debug|x86.Build.0 = Debug|Win32
		{C4D6D176-2F2C-4B9B-8A12-09F397BF96AC}.Release|x64.ActiveCfg = Release|x64
		{C4D6D176-2F2C-4B9B-8A12-09F397BF96AC}.Release|x64.Build.0 = Release|x64
		{C4D6D176-2F2C-4B9B-8A12-09F397BF96AC}.Release|x86.ActiveCfg = Release|Win32
		{C4D6D176-2F2C-4B9B-8A12-09F397BF96AC}.Release|x86.Build.0 = Release|Win32
		{1379E173-D615-40AB-A424-D254F0420987}.Debug|x64.ActiveCfg = Debug|x64
		{1379E173-D615-40AB-A424-D254F0420987}.Debug|x64.Build.0 = Debug|x64
		{1379E173-D615-40AB-A424-D254F0420987}.Debug|x86.ActiveCfg = Debug|Win32
		{1379E173-D615-40AB-A424-D254F0420987}.Debug|x86.Build.0 = Debug|Win32
		{1379E173-D615-40AB-A424-D254F0420987}.Release|x64.ActiveCfg = Release|x64
		{1379E173-D615-40AB-A424-D254F0420987}.Release|x64.Build.0 = Release|x64
		{1379E173-D615-40AB-A424-D254F0420987}.Release|x86.ActiveCfg = Release|Win32
		{1379E173-D615-40AB-A424-D254F0420987}.Release|x86.Build.0 = Release|Win32
		{557E61DA-1948-476A-BEC9-94406FFBB76C}.Debug|x64.ActiveCfg = Debug|x64
		{557E61DA-1948-476A-BEC9-94406FFBB76C}.Debug|x64.Build.0 = Debug|x64
		{557E61DA-1948-476A-BEC9-94406FFBB76C}.Debug|x86.ActiveCfg = Debug|Win32
		{557E61DA-1948-476A-BEC9-94406FFBB76C}.Debug|x86.Build.0 = Debug|Win32
		{557E61DA-1948-476A-BEC9-94406FFBB76C}.Release|x64.ActiveCfg = Release|x64
		{557E61DA-1948-476A-BEC9-94406FFBB76C}.Release|x64.Build.0 = Release|x64
		{557E61DA-1948-476A-BEC9-94406FFBB76C}.Release|x86.ActiveCfg = Release|Win32
		{557E61DA-1948-476A-BEC9-94406FFBB76C}.Release|x86.Build.0 = Release|Win32
	EndGlobalSection
	GlobalSection(SolutionProperties) = preSolution
		HideSolutionNode = FALSE
	EndGlobalSection
	GlobalSection(ExtensibilityGlobals) = postSolution
		SolutionGuid = {EF33579D-5630-443F-B32D-BA42647D9DD9}
	EndGlobalSection
EndGlobal
